
Microsoft Visual Studio Solution File, Format Version 12.00
# Visual Studio 14
VisualStudioVersion = 14.0.25123.0
MinimumVisualStudioVersion = 10.0.40219.1
Project("{FAE04EC0-301F-11D3-BF4B-00C04F79EFBC}") = "Email Payment Advice", "Email Payment Advice\Email Payment Advice.csproj", "{FE96BA49-3251-4933-A78C-81230E332A84}"
EndProject
Project("{FAE04EC0-301F-11D3-BF4B-00C04F79EFBC}") = "Aimm.Logging", "Aimm.Logging\Aimm.Logging\Aimm.Logging.csproj", "{DD399A67-668D-4E37-ADCB-6C0E9ED193AB}"
EndProject
Global
	GlobalSection(SolutionConfigurationPlatforms) = preSolution
		Debug|Any CPU = Debug|Any CPU
		Release|Any CPU = Release|Any CPU
	EndGlobalSection
	GlobalSection(ProjectConfigurationPlatforms) = postSolution
		{FE96BA49-3251-4933-A78C-81230E332A84}.Debug|Any CPU.ActiveCfg = Debug|Any CPU
		{FE96BA49-3251-4933-A78C-81230E332A84}.Debug|Any CPU.Build.0 = Debug|Any CPU
		{FE96BA49-3251-4933-A78C-81230E332A84}.Release|Any CPU.ActiveCfg = Release|Any CPU
		{FE96BA49-3251-4933-A78C-81230E332A84}.Release|Any CPU.Build.0 = Release|Any CPU
		{DD399A67-668D-4E37-ADCB-6C0E9ED193AB}.Debug|Any CPU.ActiveCfg = Debug|Any CPU
		{DD399A67-668D-4E37-ADCB-6C0E9ED193AB}.Debug|Any CPU.Build.0 = Debug|Any CPU
		{DD399A67-668D-4E37-ADCB-6C0E9ED193AB}.Release|Any CPU.ActiveCfg = Release|Any CPU
		{DD399A67-668D-4E37-ADCB-6C0E9ED193AB}.Release|Any CPU.Build.0 = Release|Any CPU
	EndGlobalSection
	GlobalSection(SolutionProperties) = preSolution
		HideSolutionNode = FALSE
	EndGlobalSection
EndGlobal
